
Microsoft Visual Studio Solution File, Format Version 12.00
# Visual Studio Version 17
VisualStudioVersion = 17.5.002.0
MinimumVisualStudioVersion = 10.0.40219.1
Project("{9A19103F-16F7-4668-BE54-9A1E7A4F7556}") = "OdevDagitimPortali", "OdevDagitimPortali.csproj", "{1692714D-592E-4F21-AE3D-8C07E538ACA0}"
EndProject
Global
	GlobalSection(SolutionConfigurationPlatforms) = preSolution
		Debug|Any CPU = Debug|Any CPU
		Release|Any CPU = Release|Any CPU
	EndGlobalSection
	GlobalSection(ProjectConfigurationPlatforms) = postSolution
		{1692714D-592E-4F21-AE3D-8C07E538ACA0}.Debug|Any CPU.ActiveCfg = Debug|Any CPU
		{1692714D-592E-4F21-AE3D-8C07E538ACA0}.Debug|Any CPU.Build.0 = Debug|Any CPU
		{1692714D-592E-4F21-AE3D-8C07E538ACA0}.Release|Any CPU.ActiveCfg = Release|Any CPU
		{1692714D-592E-4F21-AE3D-8C07E538ACA0}.Release|Any CPU.Build.0 = Release|Any CPU
	EndGlobalSection
	GlobalSection(SolutionProperties) = preSolution
		HideSolutionNode = FALSE
	EndGlobalSection
	GlobalSection(ExtensibilityGlobals) = postSolution
		SolutionGuid = {19E8CC8C-E9DA-4C95-AC6F-123CC660C1B7}
	EndGlobalSection
EndGlobal
